<?xml version="1.0" encoding="UTF-8"?>
<Solution>
	<Configurations>
		<BuildType Name="Debug"/>
		<BuildType Name="Release"/>
		<BuildType Name="MinSizeRel"/>
		<BuildType Name="RelWithDebInfo"/>
		<Platform Name="x64"/>
	</Configurations>
	<Project Path="ALL_BUILD.vcxproj" Type="8bc9ceb8-8b4a-11d0-8d11-00a0c91bc942" Id="8e3bef58-d98c-3840-8fed-77bee4864e5f" DefaultStartup="true">
		<BuildDependency Project="ZERO_CHECK.vcxproj"/>
		<BuildDependency Project="detours.vcxproj"/>
		<BuildDependency Project="file_hook_detours.vcxproj"/>
		<BuildDependency Project="file_hook_injector.vcxproj"/>
		<BuildDependency Project="peb_unlink_real_payload.vcxproj"/>
		<BuildDependency Project="reflective_load_real_payload.vcxproj"/>
		<Build Solution="Debug|*" Project="false"/>
		<Build Solution="Release|*" Project="false"/>
		<Build Solution="MinSizeRel|*" Project="false"/>
		<Build Solution="RelWithDebInfo|*" Project="false"/>
	</Project>
	<Project Path="ZERO_CHECK.vcxproj" Type="8bc9ceb8-8b4a-11d0-8d11-00a0c91bc942" Id="41941161-462e-3b82-b339-f641a80bcf39"/>
	<Project Path="detours.vcxproj" Type="8bc9ceb8-8b4a-11d0-8d11-00a0c91bc942" Id="ce4f35a4-e36d-3c03-9f29-e536a0ff4f87">
		<BuildDependency Project="ZERO_CHECK.vcxproj"/>
	</Project>
	<Project Path="file_hook_detours.vcxproj" Type="8bc9ceb8-8b4a-11d0-8d11-00a0c91bc942" Id="438504de-6284-349b-8fb9-72005ea0c780">
		<BuildDependency Project="ZERO_CHECK.vcxproj"/>
		<BuildDependency Project="detours.vcxproj"/>
	</Project>
	<Project Path="file_hook_injector.vcxproj" Type="8bc9ceb8-8b4a-11d0-8d11-00a0c91bc942" Id="2407e18e-0e0d-3c32-b9ce-9dfa69e15993">
		<BuildDependency Project="ZERO_CHECK.vcxproj"/>
	</Project>
	<Project Path="peb_unlink_real_payload.vcxproj" Type="8bc9ceb8-8b4a-11d0-8d11-00a0c91bc942" Id="405343cb-3c5c-342f-ba2b-7d6ff6962c24">
		<BuildDependency Project="ZERO_CHECK.vcxproj"/>
	</Project>
	<Project Path="reflective_load_real_payload.vcxproj" Type="8bc9ceb8-8b4a-11d0-8d11-00a0c91bc942" Id="81a8cb22-fd79-34c5-af4c-5396075ad50c">
		<BuildDependency Project="ZERO_CHECK.vcxproj"/>
	</Project>
</Solution>
