<?xml version="1.0" encoding="UTF-8"?>
<Solution>
	<Configurations>
		<BuildType Name="Debug"/>
		<BuildType Name="Release"/>
		<BuildType Name="MinSizeRel"/>
		<BuildType Name="RelWithDebInfo"/>
		<Platform Name="x64"/>
	</Configurations>
	<Project Path="ALL_BUILD.vcxproj" Type="8bc9ceb8-8b4a-11d0-8d11-00a0c91bc942" Id="b85ae960-762f-3de5-bbb5-af2c63e674a4" DefaultStartup="true">
		<BuildDependency Project="ZERO_CHECK.vcxproj"/>
		<BuildDependency Project="calc_probe_payload.vcxproj"/>
		<BuildDependency Project="detours.vcxproj"/>
		<BuildDependency Project="file_hook_detours.vcxproj"/>
		<BuildDependency Project="file_hook_injector.vcxproj"/>
		<Build Solution="Debug|*" Project="false"/>
		<Build Solution="Release|*" Project="false"/>
		<Build Solution="MinSizeRel|*" Project="false"/>
		<Build Solution="RelWithDebInfo|*" Project="false"/>
	</Project>
	<Project Path="ZERO_CHECK.vcxproj" Type="8bc9ceb8-8b4a-11d0-8d11-00a0c91bc942" Id="5a8560b6-818c-30e2-b185-923122b44ffc"/>
	<Project Path="calc_probe_payload.vcxproj" Type="8bc9ceb8-8b4a-11d0-8d11-00a0c91bc942" Id="599af623-799b-396b-b1dc-904a757e3137">
		<BuildDependency Project="ZERO_CHECK.vcxproj"/>
	</Project>
	<Project Path="detours.vcxproj" Type="8bc9ceb8-8b4a-11d0-8d11-00a0c91bc942" Id="fe9599c8-171b-31c0-8ef6-9173eda2c2c6">
		<BuildDependency Project="ZERO_CHECK.vcxproj"/>
	</Project>
	<Project Path="file_hook_detours.vcxproj" Type="8bc9ceb8-8b4a-11d0-8d11-00a0c91bc942" Id="a42cfe09-f440-3511-beb4-5901c7246dec">
		<BuildDependency Project="ZERO_CHECK.vcxproj"/>
		<BuildDependency Project="detours.vcxproj"/>
	</Project>
	<Project Path="file_hook_injector.vcxproj" Type="8bc9ceb8-8b4a-11d0-8d11-00a0c91bc942" Id="fcd6c6e9-e9a3-356f-981c-6a315cf2e723">
		<BuildDependency Project="ZERO_CHECK.vcxproj"/>
	</Project>
</Solution>
