<?xml version="1.0" encoding="UTF-8"?>
<Solution>
	<Configurations>
		<BuildType Name="Debug"/>
		<BuildType Name="Release"/>
		<BuildType Name="MinSizeRel"/>
		<BuildType Name="RelWithDebInfo"/>
		<Platform Name="Win32"/>
	</Configurations>
	<Project Path="ALL_BUILD.vcxproj" Type="8bc9ceb8-8b4a-11d0-8d11-00a0c91bc942" Id="2e2f71eb-b4f6-36e9-bad7-14b7f28de7c5" DefaultStartup="true">
		<BuildDependency Project="ZERO_CHECK.vcxproj"/>
		<BuildDependency Project="detours.vcxproj"/>
		<BuildDependency Project="file_hook_detours.vcxproj"/>
		<BuildDependency Project="file_hook_injector.vcxproj"/>
		<Build Solution="Debug|*" Project="false"/>
		<Build Solution="Release|*" Project="false"/>
		<Build Solution="MinSizeRel|*" Project="false"/>
		<Build Solution="RelWithDebInfo|*" Project="false"/>
	</Project>
	<Project Path="ZERO_CHECK.vcxproj" Type="8bc9ceb8-8b4a-11d0-8d11-00a0c91bc942" Id="923dc2b4-dbdd-3c20-ae43-80ab25a2b8db"/>
	<Project Path="detours.vcxproj" Type="8bc9ceb8-8b4a-11d0-8d11-00a0c91bc942" Id="0ba2fdad-3b17-341d-9957-779bcb13fa92">
		<BuildDependency Project="ZERO_CHECK.vcxproj"/>
	</Project>
	<Project Path="file_hook_detours.vcxproj" Type="8bc9ceb8-8b4a-11d0-8d11-00a0c91bc942" Id="628872e0-269b-3554-9a48-19053f0f0b99">
		<BuildDependency Project="ZERO_CHECK.vcxproj"/>
		<BuildDependency Project="detours.vcxproj"/>
	</Project>
	<Project Path="file_hook_injector.vcxproj" Type="8bc9ceb8-8b4a-11d0-8d11-00a0c91bc942" Id="599abe43-282c-394a-8112-28ceca80bdb3">
		<BuildDependency Project="ZERO_CHECK.vcxproj"/>
	</Project>
</Solution>
